
Microsoft Visual Studio Solution File, Format Version 12.00
# Visual Studio 15
VisualStudioVersion = 15.0.28010.2026
MinimumVisualStudioVersion = 10.0.40219.1
Project("{FAE04EC0-301F-11D3-BF4B-00C04F79EFBC}") = "Shop_auth", "Shop_auth\Shop_auth.csproj", "{C44634FD-D7EB-4BF7-9F66-2534A27182D6}"
EndProject
Global
	GlobalSection(SolutionConfigurationPlatforms) = preSolution
		Debug|Any CPU = Debug|Any CPU
		Release|Any CPU = Release|Any CPU
	EndGlobalSection
	GlobalSection(ProjectConfigurationPlatforms) = postSolution
		{C44634FD-D7EB-4BF7-9F66-2534A27182D6}.Debug|Any CPU.ActiveCfg = Debug|Any CPU
		{C44634FD-D7EB-4BF7-9F66-2534A27182D6}.Debug|Any CPU.Build.0 = Debug|Any CPU
		{C44634FD-D7EB-4BF7-9F66-2534A27182D6}.Release|Any CPU.ActiveCfg = Release|Any CPU
		{C44634FD-D7EB-4BF7-9F66-2534A27182D6}.Release|Any CPU.Build.0 = Release|Any CPU
	EndGlobalSection
	GlobalSection(SolutionProperties) = preSolution
		HideSolutionNode = FALSE
	EndGlobalSection
	GlobalSection(ExtensibilityGlobals) = postSolution
		SolutionGuid = {09E69EB0-4E01-4926-BBDA-116E77120C72}
	EndGlobalSection
EndGlobal
